
Microsoft Visual Studio Solution File, Format Version 12.00
# Visual Studio Version 16
VisualStudioVersion = 16.0.31702.278
MinimumVisualStudioVersion = 10.0.40219.1
Project("{FAE04EC0-301F-11D3-BF4B-00C04F79EFBC}") = "Math Test", "Math Test.csproj", "{C776018A-8BEF-41EE-88E0-A44262A48DAD}"
EndProject
Global
	GlobalSection(SolutionConfigurationPlatforms) = preSolution
		Debug|Any CPU = Debug|Any CPU
		Release|Any CPU = Release|Any CPU
	EndGlobalSection
	GlobalSection(ProjectConfigurationPlatforms) = postSolution
		{C776018A-8BEF-41EE-88E0-A44262A48DAD}.Debug|Any CPU.ActiveCfg = Debug|Any CPU
		{C776018A-8BEF-41EE-88E0-A44262A48DAD}.Debug|Any CPU.Build.0 = Debug|Any CPU
		{C776018A-8BEF-41EE-88E0-A44262A48DAD}.Release|Any CPU.ActiveCfg = Release|Any CPU
		{C776018A-8BEF-41EE-88E0-A44262A48DAD}.Release|Any CPU.Build.0 = Release|Any CPU
	EndGlobalSection
	GlobalSection(SolutionProperties) = preSolution
		HideSolutionNode = FALSE
	EndGlobalSection
	GlobalSection(ExtensibilityGlobals) = postSolution
		SolutionGuid = {45C9FC94-D5A5-46F2-B422-99576D4958FC}
	EndGlobalSection
EndGlobal
